
Microsoft Visual Studio Solution File, Format Version 11.00
# Visual Studio 2010
Project("{FAE04EC0-301F-11D3-BF4B-00C04F79EFBC}") = "ventana", "ventana\ventana.csproj", "{A988A259-8E93-47B9-B1EA-EE79A8F908D3}"
EndProject
Global
	GlobalSection(SolutionConfigurationPlatforms) = preSolution
		Debug|x86 = Debug|x86
		Release|x86 = Release|x86
	EndGlobalSection
	GlobalSection(ProjectConfigurationPlatforms) = postSolution
		{A988A259-8E93-47B9-B1EA-EE79A8F908D3}.Debug|x86.ActiveCfg = Debug|x86
		{A988A259-8E93-47B9-B1EA-EE79A8F908D3}.Debug|x86.Build.0 = Debug|x86
		{A988A259-8E93-47B9-B1EA-EE79A8F908D3}.Release|x86.ActiveCfg = Release|x86
		{A988A259-8E93-47B9-B1EA-EE79A8F908D3}.Release|x86.Build.0 = Release|x86
	EndGlobalSection
	GlobalSection(SolutionProperties) = preSolution
		HideSolutionNode = FALSE
	EndGlobalSection
EndGlobal
